// !$*UTF8*$!
{
	archiveVersion = 1;
	classes = {
	};
	objectVersion = 48;
	objects = {

/* Begin PBXBuildFile section */
		21AAA94F1EE9864300565D7F /* AppDelegate.m in Sources */ = {isa = PBXBuildFile; fileRef = 21AAA94E1EE9864300565D7F /* AppDelegate.m */; };
		21AAA9521EE9864300565D7F /* ViewController.m in Sources */ = {isa = PBXBuildFile; fileRef = 21AAA9511EE9864300565D7F /* ViewController.m */; };
		21AAA9551EE9864300565D7F /* Main.storyboard in Resources */ = {isa = PBXBuildFile; fileRef = 21AAA9531EE9864300565D7F /* Main.storyboard */; };
		21AAA9571EE9864300565D7F /* Assets.xcassets in Resources */ = {isa = PBXBuildFile; fileRef = 21AAA9561EE9864300565D7F /* Assets.xcassets */; };
		21AAA95A1EE9864300565D7F /* LaunchScreen.storyboard in Resources */ = {isa = PBXBuildFile; fileRef = 21AAA9581EE9864300565D7F /* LaunchScreen.storyboard */; };
		21AAA95D1EE9864300565D7F /* main.m in Sources */ = {isa = PBXBuildFile; fileRef = 21AAA95C1EE9864300565D7F /* main.m */; };
/* End PBXBuildFile section */

/* Begin PBXFileReference section */
		21AAA94A1EE9864300565D7F /* BixolonExample.app */ = {isa = PBXFileReference; explicitFileType = wrapper.application; includeInIndex = 0; path = BixolonExample.app; sourceTree = BUILT_PRODUCTS_DIR; };
		21AAA94D1EE9864300565D7F /* AppDelegate.h */ = {isa = PBXFileReference; lastKnownFileType = sourcecode.c.h; path = AppDelegate.h; sourceTree = "<group>"; };
		21AAA94E1EE9864300565D7F /* AppDelegate.m */ = {isa = PBXFileReference; lastKnownFileType = sourcecode.c.objc; path = AppDelegate.m; sourceTree = "<group>"; };
		21AAA9501EE9864300565D7F /* ViewController.h */ = {isa = PBXFileReference; lastKnownFileType = sourcecode.c.h; path = ViewController.h; sourceTree = "<group>"; };
		21AAA9511EE9864300565D7F /* ViewController.m */ = {isa = PBXFileReference; lastKnownFileType = sourcecode.c.objc; path = ViewController.m; sourceTree = "<group>"; };
		21AAA9541EE9864300565D7F /* Base */ = {isa = PBXFileReference; lastKnownFileType = file.storyboard; name = Base; path = Base.lproj/Main.storyboard; sourceTree = "<group>"; };
		21AAA9561EE9864300565D7F /* Assets.xcassets */ = {isa = PBXFileReference; lastKnownFileType = folder.assetcatalog; path = Assets.xcassets; sourceTree = "<group>"; };
		21AAA9591EE9864300565D7F /* Base */ = {isa = PBXFileReference; lastKnownFileType = file.storyboard; name = Base; path = Base.lproj/LaunchScreen.storyboard; sourceTree = "<group>"; };
		21AAA95B1EE9864300565D7F /* Info.plist */ = {isa = PBXFileReference; lastKnownFileType = text.plist.xml; path = Info.plist; sourceTree = "<group>"; };
		21AAA95C1EE9864300565D7F /* main.m */ = {isa = PBXFileReference; lastKnownFileType = sourcecode.c.objc; path = main.m; sourceTree = "<group>"; };
/* End PBXFileReference section */

/* Begin PBXFrameworksBuildPhase section */
		21AAA9471EE9864300565D7F /* Frameworks */ = {
			isa = PBXFrameworksBuildPhase;
			buildActionMask = 2147483647;
			files = (
			);
			runOnlyForDeploymentPostprocessing = 0;
		};
/* End PBXFrameworksBuildPhase section */

/* Begin PBXGroup section */
		21AAA9411EE9864300565D7F = {
			isa = PBXGroup;
			children = (
				21AAA94C1EE9864300565D7F /* BixolonExample */,
				21AAA94B1EE9864300565D7F /* Products */,
			);
			sourceTree = "<group>";
		};
		21AAA94B1EE9864300565D7F /* Products */ = {
			isa = PBXGroup;
			children = (
				21AAA94A1EE9864300565D7F /* BixolonExample.app */,
			);
			name = Products;
			sourceTree = "<group>";
		};
		21AAA94C1EE9864300565D7F /* BixolonExample */ = {
			isa = PBXGroup;
			children = (
				21AAA94D1EE9864300565D7F /* AppDelegate.h */,
				21AAA94E1EE9864300565D7F /* AppDelegate.m */,
				21AAA9501EE9864300565D7F /* ViewController.h */,
				21AAA9511EE9864300565D7F /* ViewController.m */,
				21AAA9531EE9864300565D7F /* Main.storyboard */,
				21AAA9561EE9864300565D7F /* Assets.xcassets */,
				21AAA9581EE9864300565D7F /* LaunchScreen.storyboard */,
				21AAA95B1EE9864300565D7F /* Info.plist */,
				21AAA95C1EE9864300565D7F /* main.m */,
			);
			path = BixolonExample;
			sourceTree = "<group>";
		};
/* End PBXGroup section */

/* Begin PBXNativeTarget section */
		21AAA9491EE9864300565D7F /* BixolonExample */ = {
			isa = PBXNativeTarget;
			buildConfigurationList = 21AAA9601EE9864300565D7F /* Build configuration list for PBXNativeTarget "BixolonExample" */;
			buildPhases = (
				21AAA9461EE9864300565D7F /* Sources */,
				21AAA9471EE9864300565D7F /* Frameworks */,
				21AAA9481EE9864300565D7F /* Resources */,
			);
			buildRules = (
			);
			dependencies = (
			);
			name = BixolonExample;
			productName = BixolonExample;
			productReference = 21AAA94A1EE9864300565D7F /* BixolonExample.app */;
			productType = "com.apple.product-type.application";
		};
/* End PBXNativeTarget section */

/* Begin PBXProject section */
		21AAA9421EE9864300565D7F /* Project object */ = {
			isa = PBXProject;
			attributes = {
				LastUpgradeCheck = 0900;
				ORGANIZATIONNAME = "Innovaptor OG";
				TargetAttributes = {
					21AAA9491EE9864300565D7F = {
						CreatedOnToolsVersion = 9.0;
					};
				};
			};
			buildConfigurationList = 21AAA9451EE9864300565D7F /* Build configuration list for PBXProject "BixolonExample" */;
			compatibilityVersion = "Xcode 8.0";
			developmentRegion = en;
			hasScannedForEncodings = 0;
			knownRegions = (
				en,
				Base,
			);
			mainGroup = 21AAA9411EE9864300565D7F;
			productRefGroup = 21AAA94B1EE9864300565D7F /* Products */;
			projectDirPath = "";
			projectRoot = "";
			targets = (
				21AAA9491EE9864300565D7F /* BixolonExample */,
			);
		};
/* End PBXProject section */

/* Begin PBXResourcesBuildPhase section */
		21AAA9481EE9864300565D7F /* Resources */ = {
			isa = PBXResourcesBuildPhase;
			buildActionMask = 2147483647;
			files = (
				21AAA95A1EE9864300565D7F /* LaunchScreen.storyboard in Resources */,
				21AAA9571EE9864300565D7F /* Assets.xcassets in Resources */,
				21AAA9551EE9864300565D7F /* Main.storyboard in Resources */,
			);
			runOnlyForDeploymentPostprocessing = 0;
		};
/* End PBXResourcesBuildPhase section */

/* Begin PBXSourcesBuildPhase section */
		21AAA9461EE9864300565D7F /* Sources */ = {
			isa = PBXSourcesBuildPhase;
			buildActionMask = 2147483647;
			files = (
				21AAA9521EE9864300565D7F /* ViewController.m in Sources */,
				21AAA95D1EE9864300565D7F /* main.m in Sources */,
				21AAA94F1EE9864300565D7F /* AppDelegate.m in Sources */,
			);
			runOnlyForDeploymentPostprocessing = 0;
		};
/* End PBXSourcesBuildPhase section */

/* Begin PBXVariantGroup section */
		21AAA9531EE9864300565D7F /* Main.storyboard */ = {
			isa = PBXVariantGroup;
			children = (
				21AAA9541EE9864300565D7F /* Base */,
			);
			name = Main.storyboard;
			sourceTree = "<group>";
		};
		21AAA9581EE9864300565D7F /* LaunchScreen.storyboard */ = {
			isa = PBXVariantGroup;
			children = (
				21AAA9591EE9864300565D7F /* Base */,
			);
			name = LaunchScreen.storyboard;
			sourceTree = "<group>";
		};
/* End PBXVariantGroup section */

/* Begin XCBuildConfiguration section */
		21AAA95E1EE9864300565D7F /* Debug */ = {
			isa = XCBuildConfiguration;
			buildSettings = {
				ALWAYS_SEARCH_USER_PATHS = NO;
				CLANG_ANALYZER_NONNULL = YES;
				CLANG_ANALYZER_NUMBER_OBJECT_CONVERSION = YES_AGGRESSIVE;
				CLANG_CXX_LANGUAGE_STANDARD = "gnu++14";
				CLANG_CXX_LIBRARY = "libc++";
				CLANG_ENABLE_MODULES = YES;
				CLANG_ENABLE_OBJC_ARC = YES;
				CLANG_WARN_BLOCK_CAPTURE_AUTORELEASING = YES;
				CLANG_WARN_BOOL_CONVERSION = YES;
				CLANG_WARN_COMMA = YES;
				CLANG_WARN_CONSTANT_CONVERSION = YES;
				CLANG_WARN_DIRECT_OBJC_ISA_USAGE = YES_ERROR;
				CLANG_WARN_DOCUMENTATION_COMMENTS = YES;
				CLANG_WARN_EMPTY_BODY = YES;
				CLANG_WARN_ENUM_CONVERSION = YES;
				CLANG_WARN_INFINITE_RECURSION = YES;
				CLANG_WARN_INT_CONVERSION = YES;
				CLANG_WARN_OBJC_ROOT_CLASS = YES_ERROR;
				CLANG_WARN_RANGE_LOOP_ANALYSIS = YES;
				CLANG_WARN_STRICT_PROTOTYPES = YES;
				CLANG_WARN_SUSPICIOUS_MOVE = YES;
				CLANG_WARN_UNGUARDED_AVAILABILITY = YES_AGGRESSIVE;
				CLANG_WARN_UNREACHABLE_CODE = YES;
				CLANG_WARN__DUPLICATE_METHOD_MATCH = YES;
				CODE_SIGN_IDENTITY = "iPhone Developer";
				COPY_PHASE_STRIP = NO;
				DEBUG_INFORMATION_FORMAT = dwarf;
				ENABLE_STRICT_OBJC_MSGSEND = YES;
				ENABLE_TESTABILITY = YES;
				GCC_C_LANGUAGE_STANDARD = gnu11;
				GCC_DYNAMIC_NO_PIC = NO;
				GCC_NO_COMMON_BLOCKS = YES;
				GCC_OPTIMIZATION_LEVEL = 0;
				GCC_PREPROCESSOR_DEFINITIONS = (
					"DEBUG=1",
					"$(inherited)",
				);
				GCC_WARN_64_TO_32_BIT_CONVERSION = YES;
				GCC_WARN_ABOUT_RETURN_TYPE = YES_ERROR;
				GCC_WARN_UNDECLARED_SELECTOR = YES;
				GCC_WARN_UNINITIALIZED_AUTOS = YES_AGGRESSIVE;
				GCC_WARN_UNUSED_FUNCTION = YES;
				GCC_WARN_UNUSED_VARIABLE = YES;
				IPHONEOS_DEPLOYMENT_TARGET = 11.0;
				MTL_ENABLE_DEBUG_INFO = YES;
				ONLY_ACTIVE_ARCH = YES;
				SDKROOT = iphoneos;
			};
			name = Debug;
		};
		21AAA95F1EE9864300565D7F /* Release */ = {
			isa = XCBuildConfiguration;
			buildSettings = {
				ALWAYS_SEARCH_USER_PATHS = NO;
				CLANG_ANALYZER_NONNULL = YES;
				CLANG_ANALYZER_NUMBER_OBJECT_CONVERSION = YES_AGGRESSIVE;
				CLANG_CXX_LANGUAGE_STANDARD = "gnu++14";
				CLANG_CXX_LIBRARY = "libc++";
				CLANG_ENABLE_MODULES = YES;
				CLANG_ENABLE_OBJC_ARC = YES;
				CLANG_WARN_BLOCK_CAPTURE_AUTORELEASING = YES;
				CLANG_WARN_BOOL_CONVERSION = YES;
				CLANG_WARN_COMMA = YES;
				CLANG_WARN_CONSTANT_CONVERSION = YES;
				CLANG_WARN_DIRECT_OBJC_ISA_USAGE = YES_ERROR;
				CLANG_WARN_DOCUMENTATION_COMMENTS = YES;
				CLANG_WARN_EMPTY_BODY = YES;
				CLANG_WARN_ENUM_CONVERSION = YES;
				CLANG_WARN_INFINITE_RECURSION = YES;
				CLANG_WARN_INT_CONVERSION = YES;
				CLANG_WARN_OBJC_ROOT_CLASS = YES_ERROR;
				CLANG_WARN_RANGE_LOOP_ANALYSIS = YES;
				CLANG_WARN_STRICT_PROTOTYPES = YES;
				CLANG_WARN_SUSPICIOUS_MOVE = YES;
				CLANG_WARN_UNGUARDED_AVAILABILITY = YES_AGGRESSIVE;
				CLANG_WARN_UNREACHABLE_CODE = YES;
				CLANG_WARN__DUPLICATE_METHOD_MATCH = YES;
				CODE_SIGN_IDENTITY = "iPhone Developer";
				COPY_PHASE_STRIP = NO;
				DEBUG_INFORMATION_FORMAT = "dwarf-with-dsym";
				ENABLE_NS_ASSERTIONS = NO;
				ENABLE_STRICT_OBJC_MSGSEND = YES;
				GCC_C_LANGUAGE_STANDARD = gnu11;
				GCC_NO_COMMON_BLOCKS = YES;
				GCC_WARN_64_TO_32_BIT_CONVERSION = YES;
				GCC_WARN_ABOUT_RETURN_TYPE = YES_ERROR;
				GCC_WARN_UNDECLARED_SELECTOR = YES;
				GCC_WARN_UNINITIALIZED_AUTOS = YES_AGGRESSIVE;
				GCC_WARN_UNUSED_FUNCTION = YES;
				GCC_WARN_UNUSED_VARIABLE = YES;
				IPHONEOS_DEPLOYMENT_TARGET = 11.0;
				MTL_ENABLE_DEBUG_INFO = NO;
				SDKROOT = iphoneos;
				VALIDATE_PRODUCT = YES;
			};
			name = Release;
		};
		21AAA9611EE9864300565D7F /* Debug */ = {
			isa = XCBuildConfiguration;
			buildSettings = {
				ASSETCATALOG_COMPILER_APPICON_NAME = AppIcon;
				DEVELOPMENT_TEAM = F6SD5MVY6N;
				INFOPLIST_FILE = BixolonExample/Info.plist;
				LD_RUNPATH_SEARCH_PATHS = "$(inherited) @executable_path/Frameworks";
				PRODUCT_BUNDLE_IDENTIFIER = com.innovaptor.BixolonExample;
				PRODUCT_NAME = "$(TARGET_NAME)";
				TARGETED_DEVICE_FAMILY = "1,2";
			};
			name = Debug;
		};
		21AAA9621EE9864300565D7F /* Release */ = {
			isa = XCBuildConfiguration;
			buildSettings = {
				ASSETCATALOG_COMPILER_APPICON_NAME = AppIcon;
				DEVELOPMENT_TEAM = F6SD5MVY6N;
				INFOPLIST_FILE = BixolonExample/Info.plist;
				LD_RUNPATH_SEARCH_PATHS = "$(inherited) @executable_path/Frameworks";
				PRODUCT_BUNDLE_IDENTIFIER = com.innovaptor.BixolonExample;
				PRODUCT_NAME = "$(TARGET_NAME)";
				TARGETED_DEVICE_FAMILY = "1,2";
			};
			name = Release;
		};
/* End XCBuildConfiguration section */

/* Begin XCConfigurationList section */
		21AAA9451EE9864300565D7F /* Build configuration list for PBXProject "BixolonExample" */ = {
			isa = XCConfigurationList;
			buildConfigurations = (
				21AAA95E1EE9864300565D7F /* Debug */,
				21AAA95F1EE9864300565D7F /* Release */,
			);
			defaultConfigurationIsVisible = 0;
			defaultConfigurationName = Release;
		};
		21AAA9601EE9864300565D7F /* Build configuration list for PBXNativeTarget "BixolonExample" */ = {
			isa = XCConfigurationList;
			buildConfigurations = (
				21AAA9611EE9864300565D7F /* Debug */,
				21AAA9621EE9864300565D7F /* Release */,
			);
			defaultConfigurationIsVisible = 0;
		};
/* End XCConfigurationList section */
	};
	rootObject = 21AAA9421EE9864300565D7F /* Project object */;
}
